
Microsoft Visual Studio Solution File, Format Version 12.00
# Visual Studio Version 16
VisualStudioVersion = 16.0.31702.278
MinimumVisualStudioVersion = 10.0.40219.1
Project("{FAE04EC0-301F-11D3-BF4B-00C04F79EFBC}") = "CarDealership", "CarDealership\CarDealership.csproj", "{CEA865FA-3B20-4FDE-84F7-D16E930A6273}"
EndProject
Project("{FAE04EC0-301F-11D3-BF4B-00C04F79EFBC}") = "Entities", "Entities\Entities.csproj", "{B0F7FCC0-05D2-4D83-88A4-01E97AD96E98}"
EndProject
Project("{FAE04EC0-301F-11D3-BF4B-00C04F79EFBC}") = "Stream", "Stream\Stream.csproj", "{6B3FEF32-0333-4AB8-8433-43B884639A1F}"
EndProject
Global
	GlobalSection(SolutionConfigurationPlatforms) = preSolution
		Debug|Any CPU = Debug|Any CPU
		Release|Any CPU = Release|Any CPU
	EndGlobalSection
	GlobalSection(ProjectConfigurationPlatforms) = postSolution
		{CEA865FA-3B20-4FDE-84F7-D16E930A6273}.Debug|Any CPU.ActiveCfg = Debug|Any CPU
		{CEA865FA-3B20-4FDE-84F7-D16E930A6273}.Debug|Any CPU.Build.0 = Debug|Any CPU
		{CEA865FA-3B20-4FDE-84F7-D16E930A6273}.Release|Any CPU.ActiveCfg = Release|Any CPU
		{CEA865FA-3B20-4FDE-84F7-D16E930A6273}.Release|Any CPU.Build.0 = Release|Any CPU
		{B0F7FCC0-05D2-4D83-88A4-01E97AD96E98}.Debug|Any CPU.ActiveCfg = Debug|Any CPU
		{B0F7FCC0-05D2-4D83-88A4-01E97AD96E98}.Debug|Any CPU.Build.0 = Debug|Any CPU
		{B0F7FCC0-05D2-4D83-88A4-01E97AD96E98}.Release|Any CPU.ActiveCfg = Release|Any CPU
		{B0F7FCC0-05D2-4D83-88A4-01E97AD96E98}.Release|Any CPU.Build.0 = Release|Any CPU
		{6B3FEF32-0333-4AB8-8433-43B884639A1F}.Debug|Any CPU.ActiveCfg = Debug|Any CPU
		{6B3FEF32-0333-4AB8-8433-43B884639A1F}.Debug|Any CPU.Build.0 = Debug|Any CPU
		{6B3FEF32-0333-4AB8-8433-43B884639A1F}.Release|Any CPU.ActiveCfg = Release|Any CPU
		{6B3FEF32-0333-4AB8-8433-43B884639A1F}.Release|Any CPU.Build.0 = Release|Any CPU
	EndGlobalSection
	GlobalSection(SolutionProperties) = preSolution
		HideSolutionNode = FALSE
	EndGlobalSection
	GlobalSection(ExtensibilityGlobals) = postSolution
		SolutionGuid = {690435F4-A980-48FE-B500-6A88C9642EB7}
	EndGlobalSection
EndGlobal
