
Microsoft Visual Studio Solution File, Format Version 12.00
# Visual Studio Version 16
VisualStudioVersion = 16.0.31702.278
MinimumVisualStudioVersion = 10.0.40219.1
Project("{FAE04EC0-301F-11D3-BF4B-00C04F79EFBC}") = "Integral", "Integral\Integral.csproj", "{897718FD-7B9A-4631-AAE8-7A8117DBC126}"
EndProject
Project("{FAE04EC0-301F-11D3-BF4B-00C04F79EFBC}") = "Integrate", "Integrate\Integrate.csproj", "{68FDE729-57B6-4954-B328-D8F548DA96EE}"
EndProject
Global
	GlobalSection(SolutionConfigurationPlatforms) = preSolution
		Debug|Any CPU = Debug|Any CPU
		Release|Any CPU = Release|Any CPU
	EndGlobalSection
	GlobalSection(ProjectConfigurationPlatforms) = postSolution
		{897718FD-7B9A-4631-AAE8-7A8117DBC126}.Debug|Any CPU.ActiveCfg = Debug|Any CPU
		{897718FD-7B9A-4631-AAE8-7A8117DBC126}.Debug|Any CPU.Build.0 = Debug|Any CPU
		{897718FD-7B9A-4631-AAE8-7A8117DBC126}.Release|Any CPU.ActiveCfg = Release|Any CPU
		{897718FD-7B9A-4631-AAE8-7A8117DBC126}.Release|Any CPU.Build.0 = Release|Any CPU
		{68FDE729-57B6-4954-B328-D8F548DA96EE}.Debug|Any CPU.ActiveCfg = Debug|Any CPU
		{68FDE729-57B6-4954-B328-D8F548DA96EE}.Debug|Any CPU.Build.0 = Debug|Any CPU
		{68FDE729-57B6-4954-B328-D8F548DA96EE}.Release|Any CPU.ActiveCfg = Release|Any CPU
		{68FDE729-57B6-4954-B328-D8F548DA96EE}.Release|Any CPU.Build.0 = Release|Any CPU
	EndGlobalSection
	GlobalSection(SolutionProperties) = preSolution
		HideSolutionNode = FALSE
	EndGlobalSection
	GlobalSection(ExtensibilityGlobals) = postSolution
		SolutionGuid = {D97636F9-8D4E-4838-AA7F-10E0B81D1A1D}
	EndGlobalSection
EndGlobal
